
Microsoft Visual Studio Solution File, Format Version 12.00
# Visual Studio Version 16
VisualStudioVersion = 16.0.30907.101
MinimumVisualStudioVersion = 10.0.40219.1
Project("{FAE04EC0-301F-11D3-BF4B-00C04F79EFBC}") = "Hoger_Lager", "Hoger_Lager\Hoger_Lager.csproj", "{0C490CB5-21B8-4A71-9623-489B14922B32}"
EndProject
Global
	GlobalSection(SolutionConfigurationPlatforms) = preSolution
		Debug|Any CPU = Debug|Any CPU
		Release|Any CPU = Release|Any CPU
	EndGlobalSection
	GlobalSection(ProjectConfigurationPlatforms) = postSolution
		{0C490CB5-21B8-4A71-9623-489B14922B32}.Debug|Any CPU.ActiveCfg = Debug|Any CPU
		{0C490CB5-21B8-4A71-9623-489B14922B32}.Debug|Any CPU.Build.0 = Debug|Any CPU
		{0C490CB5-21B8-4A71-9623-489B14922B32}.Release|Any CPU.ActiveCfg = Release|Any CPU
		{0C490CB5-21B8-4A71-9623-489B14922B32}.Release|Any CPU.Build.0 = Release|Any CPU
	EndGlobalSection
	GlobalSection(SolutionProperties) = preSolution
		HideSolutionNode = FALSE
	EndGlobalSection
	GlobalSection(ExtensibilityGlobals) = postSolution
		SolutionGuid = {C5F7CD5D-8A5D-4AAC-98A6-7B360197DDF4}
	EndGlobalSection
EndGlobal
